
Microsoft Visual Studio Solution File, Format Version 12.00
# Visual Studio Version 17
VisualStudioVersion = 17.5.002.0
MinimumVisualStudioVersion = 10.0.40219.1
Project("{9A19103F-16F7-4668-BE54-9A1E7A4F7556}") = "sec11-1-1.8", "sec11-1-1.8.csproj", "{F234D170-9B10-4DDD-949B-D6E5942847EE}"
EndProject
Global
	GlobalSection(SolutionConfigurationPlatforms) = preSolution
		Debug|Any CPU = Debug|Any CPU
		Release|Any CPU = Release|Any CPU
	EndGlobalSection
	GlobalSection(ProjectConfigurationPlatforms) = postSolution
		{F234D170-9B10-4DDD-949B-D6E5942847EE}.Debug|Any CPU.ActiveCfg = Debug|Any CPU
		{F234D170-9B10-4DDD-949B-D6E5942847EE}.Debug|Any CPU.Build.0 = Debug|Any CPU
		{F234D170-9B10-4DDD-949B-D6E5942847EE}.Release|Any CPU.ActiveCfg = Release|Any CPU
		{F234D170-9B10-4DDD-949B-D6E5942847EE}.Release|Any CPU.Build.0 = Release|Any CPU
	EndGlobalSection
	GlobalSection(SolutionProperties) = preSolution
		HideSolutionNode = FALSE
	EndGlobalSection
	GlobalSection(ExtensibilityGlobals) = postSolution
		SolutionGuid = {73F988D9-2018-46CF-8D74-63573A8EE1EC}
	EndGlobalSection
EndGlobal
